PODS:
  - OpenTok (2.18.0)
  - OTAcceleratorCore (2.0.0):
    - OpenTok (= 2.18.0)
    - OTKAnalytics (= 2.1.2)
    - SVProgressHUD (= 2.2.5)
  - OTKAnalytics (2.1.2)
  - SVProgressHUD (2.2.5)

DEPENDENCIES:
  - OTAcceleratorCore (= 2.0.0)

SPEC REPOS:
  trunk:
    - OpenTok
    - OTAcceleratorCore
    - OTKAnalytics
    - SVProgressHUD

SPEC CHECKSUMS:
  OpenTok: bf4c81ff741e7976542c61b8f317882f8076eede
  OTAcceleratorCore: 1c609b99a97c60d0e67519bbede296232d21af0f
  OTKAnalytics: 2de2f8971b5af7f313882ada0b1eae25104296f4
  SVProgressHUD: 1428aafac632c1f86f62aa4243ec12008d7a51d6

PODFILE CHECKSUM: 4bbde416f7819a82e80a19449d70fb51bc46851d

COCOAPODS: 1.9.3
