// !$*UTF8*$!
{
	archiveVersion = 1;
	classes = {
	};
	objectVersion = 46;
	objects = {

/* Begin PBXBuildFile section */
		A03C51031E49304700C8A69A /* browser-demo-textchat.html in Resources */ = {isa = PBXBuildFile; fileRef = A03C51021E49304700C8A69A /* browser-demo-textchat.html */; };
		A03C51051E49331D00C8A69A /* OTTextChatAcceleratorTests.m in Sources */ = {isa = PBXBuildFile; fileRef = A03C51041E49331D00C8A69A /* OTTextChatAcceleratorTests.m */; };
		A03C51071E4933B800C8A69A /* OTTextChatTests.m in Sources */ = {isa = PBXBuildFile; fileRef = A03C51061E4933B800C8A69A /* OTTextChatTests.m */; };
		A04AAA3C1E4E9E220071A002 /* OTTextChatAcceleratorBundle.m in Sources */ = {isa = PBXBuildFile; fileRef = A04AAA2A1E4E9E220071A002 /* OTTextChatAcceleratorBundle.m */; };
		A04AAA3D1E4E9E220071A002 /* OTTextChatTableViewCell.m in Sources */ = {isa = PBXBuildFile; fileRef = A04AAA2D1E4E9E220071A002 /* OTTextChatTableViewCell.m */; };
		A04AAA3E1E4E9E220071A002 /* OTTextChatInputView.m in Sources */ = {isa = PBXBuildFile; fileRef = A04AAA301E4E9E220071A002 /* OTTextChatInputView.m */; };
		A04AAA3F1E4E9E220071A002 /* OTTextChatNavigationBar.m in Sources */ = {isa = PBXBuildFile; fileRef = A04AAA321E4E9E220071A002 /* OTTextChatNavigationBar.m */; };
		A04AAA401E4E9E220071A002 /* OTTextChatTableView.m in Sources */ = {isa = PBXBuildFile; fileRef = A04AAA351E4E9E220071A002 /* OTTextChatTableView.m */; };
		A04AAA411E4E9E220071A002 /* OTTextChatViewController.m in Sources */ = {isa = PBXBuildFile; fileRef = A04AAA371E4E9E220071A002 /* OTTextChatViewController.m */; };
		A04AAA481E510C810071A002 /* OTTextMessage.m in Sources */ = {isa = PBXBuildFile; fileRef = A04AAA471E510C810071A002 /* OTTextMessage.m */; };
		A05660201DF8BC7E001F9032 /* OTTextChat.m in Sources */ = {isa = PBXBuildFile; fileRef = A05660051DF8BC7E001F9032 /* OTTextChat.m */; };
		A05660291DF8BC7E001F9032 /* Podfile in Resources */ = {isa = PBXBuildFile; fileRef = A056601B1DF8BC7E001F9032 /* Podfile */; };
		A059B98F1D1DE771008F1F14 /* Assets.xcassets in Resources */ = {isa = PBXBuildFile; fileRef = A0905E361D1D946300004217 /* Assets.xcassets */; };
		A059B9921D1DE771008F1F14 /* TextChatComponentDivTableViewCell.xib in Resources */ = {isa = PBXBuildFile; fileRef = A0905E391D1D946300004217 /* TextChatComponentDivTableViewCell.xib */; };
		A059B9931D1DE771008F1F14 /* TextChatReceivedShortTableViewCell.xib in Resources */ = {isa = PBXBuildFile; fileRef = A0905E3A1D1D946300004217 /* TextChatReceivedShortTableViewCell.xib */; };
		A059B9941D1DE771008F1F14 /* TextChatReceivedTableViewCell.xib in Resources */ = {isa = PBXBuildFile; fileRef = A0905E3B1D1D946300004217 /* TextChatReceivedTableViewCell.xib */; };
		A059B9951D1DE771008F1F14 /* TextChatSentShortTableViewCell.xib in Resources */ = {isa = PBXBuildFile; fileRef = A0905E3C1D1D946300004217 /* TextChatSentShortTableViewCell.xib */; };
		A059B9961D1DE771008F1F14 /* TextChatSentTableViewCell.xib in Resources */ = {isa = PBXBuildFile; fileRef = A0905E3D1D1D946300004217 /* TextChatSentTableViewCell.xib */; };
		A05D92761D56B3780043F0E3 /* OTTextChatViewController.xib in Resources */ = {isa = PBXBuildFile; fileRef = A05D92751D56B3780043F0E3 /* OTTextChatViewController.xib */; };
		A05D92861D583EEC0043F0E3 /* CustomSendTextChatTableViewCell.m in Sources */ = {isa = PBXBuildFile; fileRef = A05D92841D583EEC0043F0E3 /* CustomSendTextChatTableViewCell.m */; };
		A05D92871D583EEC0043F0E3 /* CustomSendTextChatTableViewCell.xib in Resources */ = {isa = PBXBuildFile; fileRef = A05D92851D583EEC0043F0E3 /* CustomSendTextChatTableViewCell.xib */; };
		A05D928E1D58463D0043F0E3 /* CustomReceiveTextChatTableViewCell.m in Sources */ = {isa = PBXBuildFile; fileRef = A05D928C1D58463D0043F0E3 /* CustomReceiveTextChatTableViewCell.m */; };
		A05D928F1D58463D0043F0E3 /* CustomReceiveTextChatTableViewCell.xib in Resources */ = {isa = PBXBuildFile; fileRef = A05D928D1D58463D0043F0E3 /* CustomReceiveTextChatTableViewCell.xib */; };
		A05D92941D58FC480043F0E3 /* CustomTimestampTextChatTableViewCell.m in Sources */ = {isa = PBXBuildFile; fileRef = A05D92931D58FC480043F0E3 /* CustomTimestampTextChatTableViewCell.m */; };
		A05D92961D58FC560043F0E3 /* CustomTimestampTextChatTableViewCell.xib in Resources */ = {isa = PBXBuildFile; fileRef = A05D92951D58FC560043F0E3 /* CustomTimestampTextChatTableViewCell.xib */; };
		A05D92991D590AF10043F0E3 /* CustomDateFormatter.m in Sources */ = {isa = PBXBuildFile; fileRef = A05D92981D590AF10043F0E3 /* CustomDateFormatter.m */; };
		A0A0E8951E459DEF003F319C /* OTTextChatAccelerator.podspec in Resources */ = {isa = PBXBuildFile; fileRef = A0A0E8941E459DEF003F319C /* OTTextChatAccelerator.podspec */; };
		A0A0E89B1E45A055003F319C /* OTTextChatAcceleratorBundle.bundle in Resources */ = {isa = PBXBuildFile; fileRef = A0A0E89A1E45A055003F319C /* OTTextChatAcceleratorBundle.bundle */; };
		A0B8FFCB1E3FE52B009EBA2E /* OTTextMessageTests.m in Sources */ = {isa = PBXBuildFile; fileRef = A0B8FFCA1E3FE52B009EBA2E /* OTTextMessageTests.m */; };
		A0C142BB1E958B5E000120E4 /* OTTextChatUserInterface.m in Sources */ = {isa = PBXBuildFile; fileRef = A0C142BA1E958B5E000120E4 /* OTTextChatUserInterface.m */; };
		A0D9E63C1D2480DA00C6F73E /* AppDelegate.m in Sources */ = {isa = PBXBuildFile; fileRef = A0905DDC1D1D946300004217 /* AppDelegate.m */; };
		A0D9E63D1D2480DA00C6F73E /* main.m in Sources */ = {isa = PBXBuildFile; fileRef = A0905DE31D1D946300004217 /* main.m */; };
		A0D9E63E1D2480DA00C6F73E /* DefaultTextChatTableViewController.m in Sources */ = {isa = PBXBuildFile; fileRef = A0905DE51D1D946300004217 /* DefaultTextChatTableViewController.m */; };
		A0D9E63F1D2480E400C6F73E /* Assets.xcassets in Resources */ = {isa = PBXBuildFile; fileRef = A0905DDD1D1D946300004217 /* Assets.xcassets */; };
		A0D9E6401D2480E400C6F73E /* LaunchScreen.storyboard in Resources */ = {isa = PBXBuildFile; fileRef = A0905DDE1D1D946300004217 /* LaunchScreen.storyboard */; };
		A0D9E6411D2480E400C6F73E /* Main.storyboard in Resources */ = {isa = PBXBuildFile; fileRef = A0905DE01D1D946300004217 /* Main.storyboard */; };
		A0DD4FF01D56725D00DA719B /* CustomTextChatTableViewController.m in Sources */ = {isa = PBXBuildFile; fileRef = A0DD4FEF1D56725D00DA719B /* CustomTextChatTableViewController.m */; };
/* End PBXBuildFile section */

/* Begin PBXContainerItemProxy section */
		A0B8FFC81E3FE390009EBA2E /* PBXContainerItemProxy */ = {
			isa = PBXContainerItemProxy;
			containerPortal = A07B96871D1B6273002397EE /* Project object */;
			proxyType = 1;
			remoteGlobalIDString = A061B9701D1D98FA0020DDD8;
			remoteInfo = OTTextChatKit;
		};
/* End PBXContainerItemProxy section */

/* Begin PBXCopyFilesBuildPhase section */
		A061B9991D1D990D0020DDD8 /* Embed Frameworks */ = {
			isa = PBXCopyFilesBuildPhase;
			buildActionMask = 2147483647;
			dstPath = "";
			dstSubfolderSpec = 10;
			files = (
			);
			name = "Embed Frameworks";
			runOnlyForDeploymentPostprocessing = 0;
		};
/* End PBXCopyFilesBuildPhase section */

/* Begin PBXFileReference section */
		A03C51021E49304700C8A69A /* browser-demo-textchat.html */ = {isa = PBXFileReference; fileEncoding = 4; lastKnownFileType = text.html; path = "browser-demo-textchat.html"; sourceTree = "<group>"; };
		A03C51041E49331D00C8A69A /* OTTextChatAcceleratorTests.m */ = {isa = PBXFileReference; fileEncoding = 4; lastKnownFileType = sourcecode.c.objc; path = OTTextChatAcceleratorTests.m; sourceTree = "<group>"; };
		A03C51061E4933B800C8A69A /* OTTextChatTests.m */ = {isa = PBXFileReference; fileEncoding = 4; lastKnownFileType = sourcecode.c.objc; path = OTTextChatTests.m; sourceTree = "<group>"; };
		A04AAA291E4E9E220071A002 /* OTTextChatAcceleratorBundle.h */ = {isa = PBXFileReference; fileEncoding = 4; lastKnownFileType = sourcecode.c.h; path = OTTextChatAcceleratorBundle.h; sourceTree = "<group>"; };
		A04AAA2A1E4E9E220071A002 /* OTTextChatAcceleratorBundle.m */ = {isa = PBXFileReference; fileEncoding = 4; lastKnownFileType = sourcecode.c.objc; path = OTTextChatAcceleratorBundle.m; sourceTree = "<group>"; };
		A04AAA2C1E4E9E220071A002 /* OTTextChatTableViewCell.h */ = {isa = PBXFileReference; fileEncoding = 4; lastKnownFileType = sourcecode.c.h; path = OTTextChatTableViewCell.h; sourceTree = "<group>"; };
		A04AAA2D1E4E9E220071A002 /* OTTextChatTableViewCell.m */ = {isa = PBXFileReference; fileEncoding = 4; lastKnownFileType = sourcecode.c.objc; path = OTTextChatTableViewCell.m; sourceTree = "<group>"; };
		A04AAA2F1E4E9E220071A002 /* OTTextChatInputView.h */ = {isa = PBXFileReference; fileEncoding = 4; lastKnownFileType = sourcecode.c.h; path = OTTextChatInputView.h; sourceTree = "<group>"; };
		A04AAA301E4E9E220071A002 /* OTTextChatInputView.m */ = {isa = PBXFileReference; fileEncoding = 4; lastKnownFileType = sourcecode.c.objc; path = OTTextChatInputView.m; sourceTree = "<group>"; };
		A04AAA311E4E9E220071A002 /* OTTextChatNavigationBar.h */ = {isa = PBXFileReference; fileEncoding = 4; lastKnownFileType = sourcecode.c.h; path = OTTextChatNavigationBar.h; sourceTree = "<group>"; };
		A04AAA321E4E9E220071A002 /* OTTextChatNavigationBar.m */ = {isa = PBXFileReference; fileEncoding = 4; lastKnownFileType = sourcecode.c.objc; path = OTTextChatNavigationBar.m; sourceTree = "<group>"; };
		A04AAA331E4E9E220071A002 /* OTTextChatNavigationBar_Private.h */ = {isa = PBXFileReference; fileEncoding = 4; lastKnownFileType = sourcecode.c.h; path = OTTextChatNavigationBar_Private.h; sourceTree = "<group>"; };
		A04AAA341E4E9E220071A002 /* OTTextChatTableView.h */ = {isa = PBXFileReference; fileEncoding = 4; lastKnownFileType = sourcecode.c.h; path = OTTextChatTableView.h; sourceTree = "<group>"; };
		A04AAA351E4E9E220071A002 /* OTTextChatTableView.m */ = {isa = PBXFileReference; fileEncoding = 4; lastKnownFileType = sourcecode.c.objc; path = OTTextChatTableView.m; sourceTree = "<group>"; };
		A04AAA361E4E9E220071A002 /* OTTextChatViewController.h */ = {isa = PBXFileReference; fileEncoding = 4; lastKnownFileType = sourcecode.c.h; path = OTTextChatViewController.h; sourceTree = "<group>"; };
		A04AAA371E4E9E220071A002 /* OTTextChatViewController.m */ = {isa = PBXFileReference; fileEncoding = 4; lastKnownFileType = sourcecode.c.objc; path = OTTextChatViewController.m; sourceTree = "<group>"; };
		A04AAA451E510C810071A002 /* OTTextMessage_Private.h */ = {isa = PBXFileReference; fileEncoding = 4; lastKnownFileType = sourcecode.c.h; path = OTTextMessage_Private.h; sourceTree = "<group>"; };
		A04AAA461E510C810071A002 /* OTTextMessage.h */ = {isa = PBXFileReference; fileEncoding = 4; lastKnownFileType = sourcecode.c.h; path = OTTextMessage.h; sourceTree = "<group>"; };
		A04AAA471E510C810071A002 /* OTTextMessage.m */ = {isa = PBXFileReference; fileEncoding = 4; lastKnownFileType = sourcecode.c.objc; path = OTTextMessage.m; sourceTree = "<group>"; };
		A0565FFB1DF8BC7E001F9032 /* Constant.h */ = {isa = PBXFileReference; fileEncoding = 4; lastKnownFileType = sourcecode.c.h; path = Constant.h; sourceTree = "<group>"; };
		A05660041DF8BC7E001F9032 /* OTTextChat.h */ = {isa = PBXFileReference; fileEncoding = 4; lastKnownFileType = sourcecode.c.h; path = OTTextChat.h; sourceTree = "<group>"; };
		A05660051DF8BC7E001F9032 /* OTTextChat.m */ = {isa = PBXFileReference; fileEncoding = 4; lastKnownFileType = sourcecode.c.objc; path = OTTextChat.m; sourceTree = "<group>"; };
		A056601B1DF8BC7E001F9032 /* Podfile */ = {isa = PBXFileReference; fileEncoding = 4; lastKnownFileType = text; path = Podfile; sourceTree = "<group>"; xcLanguageSpecificationIdentifier = xcode.lang.ruby; };
		A05D92751D56B3780043F0E3 /* OTTextChatViewController.xib */ = {isa = PBXFileReference; fileEncoding = 4; lastKnownFileType = file.xib; path = OTTextChatViewController.xib; sourceTree = "<group>"; };
		A05D92831D583EEC0043F0E3 /* CustomSendTextChatTableViewCell.h */ = {isa = PBXFileReference; fileEncoding = 4; lastKnownFileType = sourcecode.c.h; path = CustomSendTextChatTableViewCell.h; sourceTree = "<group>"; };
		A05D92841D583EEC0043F0E3 /* CustomSendTextChatTableViewCell.m */ = {isa = PBXFileReference; fileEncoding = 4; lastKnownFileType = sourcecode.c.objc; path = CustomSendTextChatTableViewCell.m; sourceTree = "<group>"; };
		A05D92851D583EEC0043F0E3 /* CustomSendTextChatTableViewCell.xib */ = {isa = PBXFileReference; fileEncoding = 4; lastKnownFileType = file.xib; path = CustomSendTextChatTableViewCell.xib; sourceTree = "<group>"; };
		A05D928B1D58463D0043F0E3 /* CustomReceiveTextChatTableViewCell.h */ = {isa = PBXFileReference; fileEncoding = 4; lastKnownFileType = sourcecode.c.h; path = CustomReceiveTextChatTableViewCell.h; sourceTree = "<group>"; };
		A05D928C1D58463D0043F0E3 /* CustomReceiveTextChatTableViewCell.m */ = {isa = PBXFileReference; fileEncoding = 4; lastKnownFileType = sourcecode.c.objc; path = CustomReceiveTextChatTableViewCell.m; sourceTree = "<group>"; };
		A05D928D1D58463D0043F0E3 /* CustomReceiveTextChatTableViewCell.xib */ = {isa = PBXFileReference; fileEncoding = 4; lastKnownFileType = file.xib; path = CustomReceiveTextChatTableViewCell.xib; sourceTree = "<group>"; };
		A05D92921D58FC480043F0E3 /* CustomTimestampTextChatTableViewCell.h */ = {isa = PBXFileReference; fileEncoding = 4; lastKnownFileType = sourcecode.c.h; path = CustomTimestampTextChatTableViewCell.h; sourceTree = "<group>"; };
		A05D92931D58FC480043F0E3 /* CustomTimestampTextChatTableViewCell.m */ = {isa = PBXFileReference; fileEncoding = 4; lastKnownFileType = sourcecode.c.objc; path = CustomTimestampTextChatTableViewCell.m; sourceTree = "<group>"; };
		A05D92951D58FC560043F0E3 /* CustomTimestampTextChatTableViewCell.xib */ = {isa = PBXFileReference; fileEncoding = 4; lastKnownFileType = file.xib; path = CustomTimestampTextChatTableViewCell.xib; sourceTree = "<group>"; };
		A05D92971D590AF10043F0E3 /* CustomDateFormatter.h */ = {isa = PBXFileReference; fileEncoding = 4; lastKnownFileType = sourcecode.c.h; path = CustomDateFormatter.h; sourceTree = "<group>"; };
		A05D92981D590AF10043F0E3 /* CustomDateFormatter.m */ = {isa = PBXFileReference; fileEncoding = 4; lastKnownFileType = sourcecode.c.objc; path = CustomDateFormatter.m; sourceTree = "<group>"; };
		A061B9711D1D98FA0020DDD8 /* OTTextChatAccelerator.app */ = {isa = PBXFileReference; explicitFileType = wrapper.application; includeInIndex = 0; path = OTTextChatAccelerator.app; sourceTree = BUILT_PRODUCTS_DIR; };
		A061B99E1D1D99270020DDD8 /* OTTextChatAcceleratorBundle.bundle */ = {isa = PBXFileReference; explicitFileType = wrapper.cfbundle; includeInIndex = 0; path = OTTextChatAcceleratorBundle.bundle; sourceTree = BUILT_PRODUCTS_DIR; };
		A061B9A81D1D99680020DDD8 /* OTTextChatAcceleratorTests.xctest */ = {isa = PBXFileReference; explicitFileType = wrapper.cfbundle; includeInIndex = 0; path = OTTextChatAcceleratorTests.xctest; sourceTree = BUILT_PRODUCTS_DIR; };
		A0905DDB1D1D946300004217 /* AppDelegate.h */ = {isa = PBXFileReference; fileEncoding = 4; lastKnownFileType = sourcecode.c.h; path = AppDelegate.h; sourceTree = "<group>"; };
		A0905DDC1D1D946300004217 /* AppDelegate.m */ = {isa = PBXFileReference; fileEncoding = 4; lastKnownFileType = sourcecode.c.objc; path = AppDelegate.m; sourceTree = "<group>"; };
		A0905DDD1D1D946300004217 /* Assets.xcassets */ = {isa = PBXFileReference; lastKnownFileType = folder.assetcatalog; path = Assets.xcassets; sourceTree = "<group>"; };
		A0905DDF1D1D946300004217 /* Base */ = {isa = PBXFileReference; lastKnownFileType = file.storyboard; name = Base; path = Base.lproj/LaunchScreen.storyboard; sourceTree = "<group>"; };
		A0905DE11D1D946300004217 /* Base */ = {isa = PBXFileReference; lastKnownFileType = file.storyboard; name = Base; path = Base.lproj/Main.storyboard; sourceTree = "<group>"; };
		A0905DE21D1D946300004217 /* Info.plist */ = {isa = PBXFileReference; fileEncoding = 4; lastKnownFileType = text.plist.xml; path = Info.plist; sourceTree = "<group>"; };
		A0905DE31D1D946300004217 /* main.m */ = {isa = PBXFileReference; fileEncoding = 4; lastKnownFileType = sourcecode.c.objc; path = main.m; sourceTree = "<group>"; };
		A0905DE41D1D946300004217 /* DefaultTextChatTableViewController.h */ = {isa = PBXFileReference; fileEncoding = 4; lastKnownFileType = sourcecode.c.h; path = DefaultTextChatTableViewController.h; sourceTree = "<group>"; };
		A0905DE51D1D946300004217 /* DefaultTextChatTableViewController.m */ = {isa = PBXFileReference; fileEncoding = 4; lastKnownFileType = sourcecode.c.objc; path = DefaultTextChatTableViewController.m; sourceTree = "<group>"; };
		A0905E361D1D946300004217 /* Assets.xcassets */ = {isa = PBXFileReference; lastKnownFileType = folder.assetcatalog; path = Assets.xcassets; sourceTree = "<group>"; };
		A0905E391D1D946300004217 /* TextChatComponentDivTableViewCell.xib */ = {isa = PBXFileReference; fileEncoding = 4; lastKnownFileType = file.xib; path = TextChatComponentDivTableViewCell.xib; sourceTree = "<group>"; };
		A0905E3A1D1D946300004217 /* TextChatReceivedShortTableViewCell.xib */ = {isa = PBXFileReference; fileEncoding = 4; lastKnownFileType = file.xib; path = TextChatReceivedShortTableViewCell.xib; sourceTree = "<group>"; };
		A0905E3B1D1D946300004217 /* TextChatReceivedTableViewCell.xib */ = {isa = PBXFileReference; fileEncoding = 4; lastKnownFileType = file.xib; path = TextChatReceivedTableViewCell.xib; sourceTree = "<group>"; };
		A0905E3C1D1D946300004217 /* TextChatSentShortTableViewCell.xib */ = {isa = PBXFileReference; fileEncoding = 4; lastKnownFileType = file.xib; path = TextChatSentShortTableViewCell.xib; sourceTree = "<group>"; };
		A0905E3D1D1D946300004217 /* TextChatSentTableViewCell.xib */ = {isa = PBXFileReference; fileEncoding = 4; lastKnownFileType = file.xib; path = TextChatSentTableViewCell.xib; sourceTree = "<group>"; };
		A0905E791D1D952100004217 /* Info.plist */ = {isa = PBXFileReference; fileEncoding = 4; lastKnownFileType = text.plist.xml; path = Info.plist; sourceTree = "<group>"; };
		A0905E7B1D1D956500004217 /* Info.plist */ = {isa = PBXFileReference; fileEncoding = 4; lastKnownFileType = text.plist.xml; path = Info.plist; sourceTree = "<group>"; };
		A0A0E8941E459DEF003F319C /* OTTextChatAccelerator.podspec */ = {isa = PBXFileReference; fileEncoding = 4; lastKnownFileType = text; path = OTTextChatAccelerator.podspec; sourceTree = "<group>"; };
		A0A0E8961E459DF3003F319C /* CHANGELOG.md */ = {isa = PBXFileReference; fileEncoding = 4; lastKnownFileType = net.daringfireball.markdown; path = CHANGELOG.md; sourceTree = "<group>"; };
		A0A0E89A1E45A055003F319C /* OTTextChatAcceleratorBundle.bundle */ = {isa = PBXFileReference; lastKnownFileType = "wrapper.plug-in"; path = OTTextChatAcceleratorBundle.bundle; sourceTree = "<group>"; };
		A0B8FFCA1E3FE52B009EBA2E /* OTTextMessageTests.m */ = {isa = PBXFileReference; fileEncoding = 4; lastKnownFileType = sourcecode.c.objc; path = OTTextMessageTests.m; sourceTree = "<group>"; };
		A0B8FFCC1E3FE7F6009EBA2E /* README.md */ = {isa = PBXFileReference; fileEncoding = 4; lastKnownFileType = net.daringfireball.markdown; path = README.md; sourceTree = "<group>"; };
		A0C142BA1E958B5E000120E4 /* OTTextChatUserInterface.m */ = {isa = PBXFileReference; fileEncoding = 4; lastKnownFileType = sourcecode.c.objc; path = OTTextChatUserInterface.m; sourceTree = "<group>"; };
		A0DD4FEE1D56725D00DA719B /* CustomTextChatTableViewController.h */ = {isa = PBXFileReference; fileEncoding = 4; lastKnownFileType = sourcecode.c.h; path = CustomTextChatTableViewController.h; sourceTree = "<group>"; };
		A0DD4FEF1D56725D00DA719B /* CustomTextChatTableViewController.m */ = {isa = PBXFileReference; fileEncoding = 4; lastKnownFileType = sourcecode.c.objc; path = CustomTextChatTableViewController.m; sourceTree = "<group>"; };
/* End PBXFileReference section */

/* Begin PBXFrameworksBuildPhase section */
		A061B96E1D1D98FA0020DDD8 /* Frameworks */ = {
			isa = PBXFrameworksBuildPhase;
			buildActionMask = 2147483647;
			files = (
			);
			runOnlyForDeploymentPostprocessing = 0;
		};
		A061B99B1D1D99270020DDD8 /* Frameworks */ = {
			isa = PBXFrameworksBuildPhase;
			buildActionMask = 2147483647;
			files = (
			);
			runOnlyForDeploymentPostprocessing = 0;
		};
		A061B9A51D1D99680020DDD8 /* Frameworks */ = {
			isa = PBXFrameworksBuildPhase;
			buildActionMask = 2147483647;
			files = (
			);
			runOnlyForDeploymentPostprocessing = 0;
		};
/* End PBXFrameworksBuildPhase section */

/* Begin PBXGroup section */
		A04AAA281E4E9E220071A002 /* UI */ = {
			isa = PBXGroup;
			children = (
				A04AAA291E4E9E220071A002 /* OTTextChatAcceleratorBundle.h */,
				A04AAA2A1E4E9E220071A002 /* OTTextChatAcceleratorBundle.m */,
				A04AAA2B1E4E9E220071A002 /* OTTextChatTableViewCells */,
				A04AAA2E1E4E9E220071A002 /* OTTextChatView */,
			);
			path = UI;
			sourceTree = "<group>";
		};
		A04AAA2B1E4E9E220071A002 /* OTTextChatTableViewCells */ = {
			isa = PBXGroup;
			children = (
				A04AAA2C1E4E9E220071A002 /* OTTextChatTableViewCell.h */,
				A04AAA2D1E4E9E220071A002 /* OTTextChatTableViewCell.m */,
			);
			path = OTTextChatTableViewCells;
			sourceTree = "<group>";
		};
		A04AAA2E1E4E9E220071A002 /* OTTextChatView */ = {
			isa = PBXGroup;
			children = (
				A04AAA2F1E4E9E220071A002 /* OTTextChatInputView.h */,
				A04AAA301E4E9E220071A002 /* OTTextChatInputView.m */,
				A04AAA311E4E9E220071A002 /* OTTextChatNavigationBar.h */,
				A04AAA321E4E9E220071A002 /* OTTextChatNavigationBar.m */,
				A04AAA331E4E9E220071A002 /* OTTextChatNavigationBar_Private.h */,
				A04AAA341E4E9E220071A002 /* OTTextChatTableView.h */,
				A04AAA351E4E9E220071A002 /* OTTextChatTableView.m */,
				A04AAA361E4E9E220071A002 /* OTTextChatViewController.h */,
				A04AAA371E4E9E220071A002 /* OTTextChatViewController.m */,
			);
			path = OTTextChatView;
			sourceTree = "<group>";
		};
		A0565FFA1DF8BC7E001F9032 /* OTTextChatAccelerator */ = {
			isa = PBXGroup;
			children = (
				A0565FFB1DF8BC7E001F9032 /* Constant.h */,
				A05660041DF8BC7E001F9032 /* OTTextChat.h */,
				A05660051DF8BC7E001F9032 /* OTTextChat.m */,
				A04AAA451E510C810071A002 /* OTTextMessage_Private.h */,
				A04AAA461E510C810071A002 /* OTTextMessage.h */,
				A04AAA471E510C810071A002 /* OTTextMessage.m */,
				A04AAA281E4E9E220071A002 /* UI */,
			);
			path = OTTextChatAccelerator;
			sourceTree = "<group>";
		};
		A07B96861D1B6273002397EE = {
			isa = PBXGroup;
			children = (
				A03C51021E49304700C8A69A /* browser-demo-textchat.html */,
				A0A0E8961E459DF3003F319C /* CHANGELOG.md */,
				A0A0E8941E459DEF003F319C /* OTTextChatAccelerator.podspec */,
				A056601B1DF8BC7E001F9032 /* Podfile */,
				A0B8FFCC1E3FE7F6009EBA2E /* README.md */,
				A0565FFA1DF8BC7E001F9032 /* OTTextChatAccelerator */,
				A0905DDA1D1D946300004217 /* OTTextChatAcceleratorSample */,
				A0905E351D1D946300004217 /* OTTextChatAcceleratorBundle */,
				A0905E3E1D1D946300004217 /* OTTextChatAcceleratorTests */,
				A07B96901D1B6273002397EE /* Products */,
			);
			sourceTree = "<group>";
		};
		A07B96901D1B6273002397EE /* Products */ = {
			isa = PBXGroup;
			children = (
				A061B9711D1D98FA0020DDD8 /* OTTextChatAccelerator.app */,
				A061B99E1D1D99270020DDD8 /* OTTextChatAcceleratorBundle.bundle */,
				A061B9A81D1D99680020DDD8 /* OTTextChatAcceleratorTests.xctest */,
			);
			name = Products;
			sourceTree = "<group>";
		};
		A0905DDA1D1D946300004217 /* OTTextChatAcceleratorSample */ = {
			isa = PBXGroup;
			children = (
				A0A0E89A1E45A055003F319C /* OTTextChatAcceleratorBundle.bundle */,
				A0905DDB1D1D946300004217 /* AppDelegate.h */,
				A0905DDC1D1D946300004217 /* AppDelegate.m */,
				A0905DDD1D1D946300004217 /* Assets.xcassets */,
				A0905DDE1D1D946300004217 /* LaunchScreen.storyboard */,
				A0905DE01D1D946300004217 /* Main.storyboard */,
				A0905DE21D1D946300004217 /* Info.plist */,
				A0905DE31D1D946300004217 /* main.m */,
				A0905DE41D1D946300004217 /* DefaultTextChatTableViewController.h */,
				A0905DE51D1D946300004217 /* DefaultTextChatTableViewController.m */,
				A0DD4FEE1D56725D00DA719B /* CustomTextChatTableViewController.h */,
				A0DD4FEF1D56725D00DA719B /* CustomTextChatTableViewController.m */,
				A05D92831D583EEC0043F0E3 /* CustomSendTextChatTableViewCell.h */,
				A05D92841D583EEC0043F0E3 /* CustomSendTextChatTableViewCell.m */,
				A05D92851D583EEC0043F0E3 /* CustomSendTextChatTableViewCell.xib */,
				A05D928B1D58463D0043F0E3 /* CustomReceiveTextChatTableViewCell.h */,
				A05D928C1D58463D0043F0E3 /* CustomReceiveTextChatTableViewCell.m */,
				A05D928D1D58463D0043F0E3 /* CustomReceiveTextChatTableViewCell.xib */,
				A05D92921D58FC480043F0E3 /* CustomTimestampTextChatTableViewCell.h */,
				A05D92931D58FC480043F0E3 /* CustomTimestampTextChatTableViewCell.m */,
				A05D92951D58FC560043F0E3 /* CustomTimestampTextChatTableViewCell.xib */,
				A05D92971D590AF10043F0E3 /* CustomDateFormatter.h */,
				A05D92981D590AF10043F0E3 /* CustomDateFormatter.m */,
			);
			path = OTTextChatAcceleratorSample;
			sourceTree = "<group>";
		};
		A0905E351D1D946300004217 /* OTTextChatAcceleratorBundle */ = {
			isa = PBXGroup;
			children = (
				A0905E361D1D946300004217 /* Assets.xcassets */,
				A0905E7B1D1D956500004217 /* Info.plist */,
				A05D92751D56B3780043F0E3 /* OTTextChatViewController.xib */,
				A0905E391D1D946300004217 /* TextChatComponentDivTableViewCell.xib */,
				A0905E3A1D1D946300004217 /* TextChatReceivedShortTableViewCell.xib */,
				A0905E3B1D1D946300004217 /* TextChatReceivedTableViewCell.xib */,
				A0905E3C1D1D946300004217 /* TextChatSentShortTableViewCell.xib */,
				A0905E3D1D1D946300004217 /* TextChatSentTableViewCell.xib */,
			);
			path = OTTextChatAcceleratorBundle;
			sourceTree = "<group>";
		};
		A0905E3E1D1D946300004217 /* OTTextChatAcceleratorTests */ = {
			isa = PBXGroup;
			children = (
				A03C51061E4933B800C8A69A /* OTTextChatTests.m */,
				A03C51041E49331D00C8A69A /* OTTextChatAcceleratorTests.m */,
				A0B8FFCA1E3FE52B009EBA2E /* OTTextMessageTests.m */,
				A0C142BA1E958B5E000120E4 /* OTTextChatUserInterface.m */,
				A0905E791D1D952100004217 /* Info.plist */,
			);
			path = OTTextChatAcceleratorTests;
			sourceTree = "<group>";
		};
/* End PBXGroup section */

/* Begin PBXNativeTarget section */
		A061B9701D1D98FA0020DDD8 /* OTTextChatAccelerator */ = {
			isa = PBXNativeTarget;
			buildConfigurationList = A061B9851D1D98FA0020DDD8 /* Build configuration list for PBXNativeTarget "OTTextChatAccelerator" */;
			buildPhases = (
				A061B96D1D1D98FA0020DDD8 /* Sources */,
				A061B96E1D1D98FA0020DDD8 /* Frameworks */,
				A061B96F1D1D98FA0020DDD8 /* Resources */,
				A061B9991D1D990D0020DDD8 /* Embed Frameworks */,
			);
			buildRules = (
			);
			dependencies = (
			);
			name = OTTextChatAccelerator;
			productName = OTTextChatAccPackKit;
			productReference = A061B9711D1D98FA0020DDD8 /* OTTextChatAccelerator.app */;
			productType = "com.apple.product-type.application";
		};
		A061B99D1D1D99270020DDD8 /* OTTextChatAcceleratorBundle */ = {
			isa = PBXNativeTarget;
			buildConfigurationList = A061B9A11D1D99270020DDD8 /* Build configuration list for PBXNativeTarget "OTTextChatAcceleratorBundle" */;
			buildPhases = (
				A061B99A1D1D99270020DDD8 /* Sources */,
				A061B99B1D1D99270020DDD8 /* Frameworks */,
				A061B99C1D1D99270020DDD8 /* Resources */,
			);
			buildRules = (
			);
			dependencies = (
			);
			name = OTTextChatAcceleratorBundle;
			productName = OTTextChatKitBundle;
			productReference = A061B99E1D1D99270020DDD8 /* OTTextChatAcceleratorBundle.bundle */;
			productType = "com.apple.product-type.bundle";
		};
		A061B9A71D1D99680020DDD8 /* OTTextChatAcceleratorTests */ = {
			isa = PBXNativeTarget;
			buildConfigurationList = A061B9B01D1D99680020DDD8 /* Build configuration list for PBXNativeTarget "OTTextChatAcceleratorTests" */;
			buildPhases = (
				A061B9A41D1D99680020DDD8 /* Sources */,
				A061B9A51D1D99680020DDD8 /* Frameworks */,
				A061B9A61D1D99680020DDD8 /* Resources */,
			);
			buildRules = (
			);
			dependencies = (
				A0B8FFC91E3FE390009EBA2E /* PBXTargetDependency */,
			);
			name = OTTextChatAcceleratorTests;
			productName = OTTextChatKitTests;
			productReference = A061B9A81D1D99680020DDD8 /* OTTextChatAcceleratorTests.xctest */;
			productType = "com.apple.product-type.bundle.unit-test";
		};
/* End PBXNativeTarget section */

/* Begin PBXProject section */
		A07B96871D1B6273002397EE /* Project object */ = {
			isa = PBXProject;
			attributes = {
				CLASSPREFIX = OT;
				LastUpgradeCheck = 1200;
				ORGANIZATIONNAME = "Tokbox, Inc.";
				TargetAttributes = {
					A061B9701D1D98FA0020DDD8 = {
						CreatedOnToolsVersion = 7.3;
					};
					A061B99D1D1D99270020DDD8 = {
						CreatedOnToolsVersion = 7.3;
					};
					A061B9A71D1D99680020DDD8 = {
						CreatedOnToolsVersion = 7.3;
						ProvisioningStyle = Manual;
						TestTargetID = A061B9701D1D98FA0020DDD8;
					};
				};
			};
			buildConfigurationList = A07B968A1D1B6273002397EE /* Build configuration list for PBXProject "OTTextChatAccelerator" */;
			compatibilityVersion = "Xcode 3.2";
			developmentRegion = en;
			hasScannedForEncodings = 0;
			knownRegions = (
				en,
				Base,
			);
			mainGroup = A07B96861D1B6273002397EE;
			productRefGroup = A07B96901D1B6273002397EE /* Products */;
			projectDirPath = "";
			projectRoot = "";
			targets = (
				A061B9701D1D98FA0020DDD8 /* OTTextChatAccelerator */,
				A061B99D1D1D99270020DDD8 /* OTTextChatAcceleratorBundle */,
				A061B9A71D1D99680020DDD8 /* OTTextChatAcceleratorTests */,
			);
		};
/* End PBXProject section */

/* Begin PBXResourcesBuildPhase section */
		A061B96F1D1D98FA0020DDD8 /* Resources */ = {
			isa = PBXResourcesBuildPhase;
			buildActionMask = 2147483647;
			files = (
				A05660291DF8BC7E001F9032 /* Podfile in Resources */,
				A05D92871D583EEC0043F0E3 /* CustomSendTextChatTableViewCell.xib in Resources */,
				A0A0E89B1E45A055003F319C /* OTTextChatAcceleratorBundle.bundle in Resources */,
				A03C51031E49304700C8A69A /* browser-demo-textchat.html in Resources */,
				A05D928F1D58463D0043F0E3 /* CustomReceiveTextChatTableViewCell.xib in Resources */,
				A0D9E63F1D2480E400C6F73E /* Assets.xcassets in Resources */,
				A0D9E6401D2480E400C6F73E /* LaunchScreen.storyboard in Resources */,
				A0D9E6411D2480E400C6F73E /* Main.storyboard in Resources */,
				A0A0E8951E459DEF003F319C /* OTTextChatAccelerator.podspec in Resources */,
				A05D92961D58FC560043F0E3 /* CustomTimestampTextChatTableViewCell.xib in Resources */,
			);
			runOnlyForDeploymentPostprocessing = 0;
		};
		A061B99C1D1D99270020DDD8 /* Resources */ = {
			isa = PBXResourcesBuildPhase;
			buildActionMask = 2147483647;
			files = (
				A059B9961D1DE771008F1F14 /* TextChatSentTableViewCell.xib in Resources */,
				A05D92761D56B3780043F0E3 /* OTTextChatViewController.xib in Resources */,
				A059B9921D1DE771008F1F14 /* TextChatComponentDivTableViewCell.xib in Resources */,
				A059B9951D1DE771008F1F14 /* TextChatSentShortTableViewCell.xib in Resources */,
				A059B98F1D1DE771008F1F14 /* Assets.xcassets in Resources */,
				A059B9931D1DE771008F1F14 /* TextChatReceivedShortTableViewCell.xib in Resources */,
				A059B9941D1DE771008F1F14 /* TextChatReceivedTableViewCell.xib in Resources */,
			);
			runOnlyForDeploymentPostprocessing = 0;
		};
		A061B9A61D1D99680020DDD8 /* Resources */ = {
			isa = PBXResourcesBuildPhase;
			buildActionMask = 2147483647;
			files = (
			);
			runOnlyForDeploymentPostprocessing = 0;
		};
/* End PBXResourcesBuildPhase section */

/* Begin PBXSourcesBuildPhase section */
		A061B96D1D1D98FA0020DDD8 /* Sources */ = {
			isa = PBXSourcesBuildPhase;
			buildActionMask = 2147483647;
			files = (
				A0D9E63C1D2480DA00C6F73E /* AppDelegate.m in Sources */,
				A05D928E1D58463D0043F0E3 /* CustomReceiveTextChatTableViewCell.m in Sources */,
				A04AAA3C1E4E9E220071A002 /* OTTextChatAcceleratorBundle.m in Sources */,
				A0DD4FF01D56725D00DA719B /* CustomTextChatTableViewController.m in Sources */,
				A04AAA3E1E4E9E220071A002 /* OTTextChatInputView.m in Sources */,
				A0D9E63D1D2480DA00C6F73E /* main.m in Sources */,
				A0D9E63E1D2480DA00C6F73E /* DefaultTextChatTableViewController.m in Sources */,
				A04AAA3F1E4E9E220071A002 /* OTTextChatNavigationBar.m in Sources */,
				A04AAA3D1E4E9E220071A002 /* OTTextChatTableViewCell.m in Sources */,
				A05D92991D590AF10043F0E3 /* CustomDateFormatter.m in Sources */,
				A04AAA481E510C810071A002 /* OTTextMessage.m in Sources */,
				A04AAA401E4E9E220071A002 /* OTTextChatTableView.m in Sources */,
				A04AAA411E4E9E220071A002 /* OTTextChatViewController.m in Sources */,
				A05D92861D583EEC0043F0E3 /* CustomSendTextChatTableViewCell.m in Sources */,
				A05D92941D58FC480043F0E3 /* CustomTimestampTextChatTableViewCell.m in Sources */,
				A05660201DF8BC7E001F9032 /* OTTextChat.m in Sources */,
			);
			runOnlyForDeploymentPostprocessing = 0;
		};
		A061B99A1D1D99270020DDD8 /* Sources */ = {
			isa = PBXSourcesBuildPhase;
			buildActionMask = 2147483647;
			files = (
			);
			runOnlyForDeploymentPostprocessing = 0;
		};
		A061B9A41D1D99680020DDD8 /* Sources */ = {
			isa = PBXSourcesBuildPhase;
			buildActionMask = 2147483647;
			files = (
				A0C142BB1E958B5E000120E4 /* OTTextChatUserInterface.m in Sources */,
				A0B8FFCB1E3FE52B009EBA2E /* OTTextMessageTests.m in Sources */,
				A03C51071E4933B800C8A69A /* OTTextChatTests.m in Sources */,
				A03C51051E49331D00C8A69A /* OTTextChatAcceleratorTests.m in Sources */,
			);
			runOnlyForDeploymentPostprocessing = 0;
		};
/* End PBXSourcesBuildPhase section */

/* Begin PBXTargetDependency section */
		A0B8FFC91E3FE390009EBA2E /* PBXTargetDependency */ = {
			isa = PBXTargetDependency;
			target = A061B9701D1D98FA0020DDD8 /* OTTextChatAccelerator */;
			targetProxy = A0B8FFC81E3FE390009EBA2E /* PBXContainerItemProxy */;
		};
/* End PBXTargetDependency section */

/* Begin PBXVariantGroup section */
		A0905DDE1D1D946300004217 /* LaunchScreen.storyboard */ = {
			isa = PBXVariantGroup;
			children = (
				A0905DDF1D1D946300004217 /* Base */,
			);
			name = LaunchScreen.storyboard;
			sourceTree = "<group>";
		};
		A0905DE01D1D946300004217 /* Main.storyboard */ = {
			isa = PBXVariantGroup;
			children = (
				A0905DE11D1D946300004217 /* Base */,
			);
			name = Main.storyboard;
			sourceTree = "<group>";
		};
/* End PBXVariantGroup section */

/* Begin XCBuildConfiguration section */
		A061B9861D1D98FA0020DDD8 /* Debug */ = {
			isa = XCBuildConfiguration;
			buildSettings = {
				ASSETCATALOG_COMPILER_APPICON_NAME = AppIcon;
				CODE_SIGN_IDENTITY = "-";
				CURRENT_PROJECT_VERSION = 1;
				INFOPLIST_FILE = "$(SRCROOT)/OTTextChatAcceleratorSample/Info.plist";
				IPHONEOS_DEPLOYMENT_TARGET = 12.0;
				LD_RUNPATH_SEARCH_PATHS = "$(inherited) @executable_path/Frameworks";
				PRODUCT_BUNDLE_IDENTIFIER = com.tokbox.OTTextChatKit;
				PRODUCT_NAME = "$(TARGET_NAME)";
			};
			name = Debug;
		};
		A061B9871D1D98FA0020DDD8 /* Release */ = {
			isa = XCBuildConfiguration;
			buildSettings = {
				ASSETCATALOG_COMPILER_APPICON_NAME = AppIcon;
				CODE_SIGN_IDENTITY = "-";
				CURRENT_PROJECT_VERSION = 1;
				INFOPLIST_FILE = "$(SRCROOT)/OTTextChatAcceleratorSample/Info.plist";
				IPHONEOS_DEPLOYMENT_TARGET = 12.0;
				LD_RUNPATH_SEARCH_PATHS = "$(inherited) @executable_path/Frameworks";
				PRODUCT_BUNDLE_IDENTIFIER = com.tokbox.OTTextChatKit;
				PRODUCT_NAME = "$(TARGET_NAME)";
			};
			name = Release;
		};
		A061B9A21D1D99270020DDD8 /* Debug */ = {
			isa = XCBuildConfiguration;
			buildSettings = {
				CODE_SIGN_IDENTITY = "-";
				COMBINE_HIDPI_IMAGES = YES;
				INFOPLIST_FILE = "$(SRCROOT)/OTTextChatAcceleratorBundle/Info.plist";
				INSTALL_PATH = "$(LOCAL_LIBRARY_DIR)/Bundles";
				MACOSX_DEPLOYMENT_TARGET = 10.11;
				PRODUCT_BUNDLE_IDENTIFIER = com.lucashuang.OTTextChatKitBundle;
				PRODUCT_NAME = "$(TARGET_NAME)";
				SDKROOT = iphoneos;
				SKIP_INSTALL = YES;
				SUPPORTED_PLATFORMS = "iphonesimulator iphoneos";
				WRAPPER_EXTENSION = bundle;
			};
			name = Debug;
		};
		A061B9A31D1D99270020DDD8 /* Release */ = {
			isa = XCBuildConfiguration;
			buildSettings = {
				CODE_SIGN_IDENTITY = "-";
				COMBINE_HIDPI_IMAGES = YES;
				INFOPLIST_FILE = "$(SRCROOT)/OTTextChatAcceleratorBundle/Info.plist";
				INSTALL_PATH = "$(LOCAL_LIBRARY_DIR)/Bundles";
				MACOSX_DEPLOYMENT_TARGET = 10.11;
				PRODUCT_BUNDLE_IDENTIFIER = com.lucashuang.OTTextChatKitBundle;
				PRODUCT_NAME = "$(TARGET_NAME)";
				SDKROOT = iphoneos;
				SKIP_INSTALL = YES;
				SUPPORTED_PLATFORMS = "iphonesimulator iphoneos";
				WRAPPER_EXTENSION = bundle;
			};
			name = Release;
		};
		A061B9B11D1D99680020DDD8 /* Debug */ = {
			isa = XCBuildConfiguration;
			buildSettings = {
				BUNDLE_LOADER = "$(TEST_HOST)";
				DEVELOPMENT_TEAM = "";
				INFOPLIST_FILE = OTTextChatAcceleratorTests/Info.plist;
				LD_RUNPATH_SEARCH_PATHS = "$(inherited) @executable_path/Frameworks @loader_path/Frameworks";
				PRODUCT_BUNDLE_IDENTIFIER = com.lucashuang.OTTextChatKitTests;
				PRODUCT_NAME = "$(TARGET_NAME)";
				TEST_HOST = "$(BUILT_PRODUCTS_DIR)/OTTextChatAccelerator.app/OTTextChatAccelerator";
			};
			name = Debug;
		};
		A061B9B21D1D99680020DDD8 /* Release */ = {
			isa = XCBuildConfiguration;
			buildSettings = {
				BUNDLE_LOADER = "$(TEST_HOST)";
				DEVELOPMENT_TEAM = "";
				INFOPLIST_FILE = OTTextChatAcceleratorTests/Info.plist;
				LD_RUNPATH_SEARCH_PATHS = "$(inherited) @executable_path/Frameworks @loader_path/Frameworks";
				PRODUCT_BUNDLE_IDENTIFIER = com.lucashuang.OTTextChatKitTests;
				PRODUCT_NAME = "$(TARGET_NAME)";
				TEST_HOST = "$(BUILT_PRODUCTS_DIR)/OTTextChatAccelerator.app/OTTextChatAccelerator";
			};
			name = Release;
		};
		A07B96A41D1B6273002397EE /* Debug */ = {
			isa = XCBuildConfiguration;
			buildSettings = {
				ALWAYS_SEARCH_USER_PATHS = NO;
				CLANG_ANALYZER_LOCALIZABILITY_NONLOCALIZED = YES;
				CLANG_ANALYZER_NONNULL = YES;
				CLANG_CXX_LANGUAGE_STANDARD = "gnu++0x";
				CLANG_CXX_LIBRARY = "libc++";
				CLANG_ENABLE_MODULES = YES;
				CLANG_ENABLE_OBJC_ARC = YES;
				CLANG_WARN_BLOCK_CAPTURE_AUTORELEASING = YES;
				CLANG_WARN_BOOL_CONVERSION = YES;
				CLANG_WARN_COMMA = YES;
				CLANG_WARN_CONSTANT_CONVERSION = YES;
				CLANG_WARN_DEPRECATED_OBJC_IMPLEMENTATIONS = YES;
				CLANG_WARN_DIRECT_OBJC_ISA_USAGE = YES_ERROR;
				CLANG_WARN_EMPTY_BODY = YES;
				CLANG_WARN_ENUM_CONVERSION = YES;
				CLANG_WARN_INFINITE_RECURSION = YES;
				CLANG_WARN_INT_CONVERSION = YES;
				CLANG_WARN_NON_LITERAL_NULL_CONVERSION = YES;
				CLANG_WARN_OBJC_IMPLICIT_RETAIN_SELF = YES;
				CLANG_WARN_OBJC_LITERAL_CONVERSION = YES;
				CLANG_WARN_OBJC_ROOT_CLASS = YES_ERROR;
				CLANG_WARN_QUOTED_INCLUDE_IN_FRAMEWORK_HEADER = YES;
				CLANG_WARN_RANGE_LOOP_ANALYSIS = YES;
				CLANG_WARN_STRICT_PROTOTYPES = YES;
				CLANG_WARN_SUSPICIOUS_MOVE = YES;
				CLANG_WARN_UNREACHABLE_CODE = YES;
				CLANG_WARN__DUPLICATE_METHOD_MATCH = YES;
				"CODE_SIGN_IDENTITY[sdk=iphoneos*]" = "iPhone Developer";
				COPY_PHASE_STRIP = NO;
				DEBUG_INFORMATION_FORMAT = dwarf;
				ENABLE_STRICT_OBJC_MSGSEND = YES;
				ENABLE_TESTABILITY = YES;
				GCC_C_LANGUAGE_STANDARD = gnu99;
				GCC_DYNAMIC_NO_PIC = NO;
				GCC_NO_COMMON_BLOCKS = YES;
				GCC_OPTIMIZATION_LEVEL = 0;
				GCC_PREPROCESSOR_DEFINITIONS = (
					"DEBUG=1",
					"$(inherited)",
				);
				GCC_WARN_64_TO_32_BIT_CONVERSION = YES;
				GCC_WARN_ABOUT_RETURN_TYPE = YES_ERROR;
				GCC_WARN_UNDECLARED_SELECTOR = YES;
				GCC_WARN_UNINITIALIZED_AUTOS = YES_AGGRESSIVE;
				GCC_WARN_UNUSED_FUNCTION = YES;
				GCC_WARN_UNUSED_VARIABLE = YES;
				IPHONEOS_DEPLOYMENT_TARGET = 12.0;
				MTL_ENABLE_DEBUG_INFO = YES;
				ONLY_ACTIVE_ARCH = YES;
				SDKROOT = iphoneos;
				TARGETED_DEVICE_FAMILY = "1,2";
			};
			name = Debug;
		};
		A07B96A51D1B6273002397EE /* Release */ = {
			isa = XCBuildConfiguration;
			buildSettings = {
				ALWAYS_SEARCH_USER_PATHS = NO;
				CLANG_ANALYZER_LOCALIZABILITY_NONLOCALIZED = YES;
				CLANG_ANALYZER_NONNULL = YES;
				CLANG_CXX_LANGUAGE_STANDARD = "gnu++0x";
				CLANG_CXX_LIBRARY = "libc++";
				CLANG_ENABLE_MODULES = YES;
				CLANG_ENABLE_OBJC_ARC = YES;
				CLANG_WARN_BLOCK_CAPTURE_AUTORELEASING = YES;
				CLANG_WARN_BOOL_CONVERSION = YES;
				CLANG_WARN_COMMA = YES;
				CLANG_WARN_CONSTANT_CONVERSION = YES;
				CLANG_WARN_DEPRECATED_OBJC_IMPLEMENTATIONS = YES;
				CLANG_WARN_DIRECT_OBJC_ISA_USAGE = YES_ERROR;
				CLANG_WARN_EMPTY_BODY = YES;
				CLANG_WARN_ENUM_CONVERSION = YES;
				CLANG_WARN_INFINITE_RECURSION = YES;
				CLANG_WARN_INT_CONVERSION = YES;
				CLANG_WARN_NON_LITERAL_NULL_CONVERSION = YES;
				CLANG_WARN_OBJC_IMPLICIT_RETAIN_SELF = YES;
				CLANG_WARN_OBJC_LITERAL_CONVERSION = YES;
				CLANG_WARN_OBJC_ROOT_CLASS = YES_ERROR;
				CLANG_WARN_QUOTED_INCLUDE_IN_FRAMEWORK_HEADER = YES;
				CLANG_WARN_RANGE_LOOP_ANALYSIS = YES;
				CLANG_WARN_STRICT_PROTOTYPES = YES;
				CLANG_WARN_SUSPICIOUS_MOVE = YES;
				CLANG_WARN_UNREACHABLE_CODE = YES;
				CLANG_WARN__DUPLICATE_METHOD_MATCH = YES;
				"CODE_SIGN_IDENTITY[sdk=iphoneos*]" = "iPhone Developer";
				COPY_PHASE_STRIP = NO;
				DEBUG_INFORMATION_FORMAT = "dwarf-with-dsym";
				ENABLE_NS_ASSERTIONS = NO;
				ENABLE_STRICT_OBJC_MSGSEND = YES;
				GCC_C_LANGUAGE_STANDARD = gnu99;
				GCC_NO_COMMON_BLOCKS = YES;
				GCC_WARN_64_TO_32_BIT_CONVERSION = YES;
				GCC_WARN_ABOUT_RETURN_TYPE = YES_ERROR;
				GCC_WARN_UNDECLARED_SELECTOR = YES;
				GCC_WARN_UNINITIALIZED_AUTOS = YES_AGGRESSIVE;
				GCC_WARN_UNUSED_FUNCTION = YES;
				GCC_WARN_UNUSED_VARIABLE = YES;
				IPHONEOS_DEPLOYMENT_TARGET = 12.0;
				MTL_ENABLE_DEBUG_INFO = NO;
				SDKROOT = iphoneos;
				TARGETED_DEVICE_FAMILY = "1,2";
				VALIDATE_PRODUCT = YES;
			};
			name = Release;
		};
/* End XCBuildConfiguration section */

/* Begin XCConfigurationList section */
		A061B9851D1D98FA0020DDD8 /* Build configuration list for PBXNativeTarget "OTTextChatAccelerator" */ = {
			isa = XCConfigurationList;
			buildConfigurations = (
				A061B9861D1D98FA0020DDD8 /* Debug */,
				A061B9871D1D98FA0020DDD8 /* Release */,
			);
			defaultConfigurationIsVisible = 0;
			defaultConfigurationName = Release;
		};
		A061B9A11D1D99270020DDD8 /* Build configuration list for PBXNativeTarget "OTTextChatAcceleratorBundle" */ = {
			isa = XCConfigurationList;
			buildConfigurations = (
				A061B9A21D1D99270020DDD8 /* Debug */,
				A061B9A31D1D99270020DDD8 /* Release */,
			);
			defaultConfigurationIsVisible = 0;
			defaultConfigurationName = Release;
		};
		A061B9B01D1D99680020DDD8 /* Build configuration list for PBXNativeTarget "OTTextChatAcceleratorTests" */ = {
			isa = XCConfigurationList;
			buildConfigurations = (
				A061B9B11D1D99680020DDD8 /* Debug */,
				A061B9B21D1D99680020DDD8 /* Release */,
			);
			defaultConfigurationIsVisible = 0;
			defaultConfigurationName = Release;
		};
		A07B968A1D1B6273002397EE /* Build configuration list for PBXProject "OTTextChatAccelerator" */ = {
			isa = XCConfigurationList;
			buildConfigurations = (
				A07B96A41D1B6273002397EE /* Debug */,
				A07B96A51D1B6273002397EE /* Release */,
			);
			defaultConfigurationIsVisible = 0;
			defaultConfigurationName = Release;
		};
/* End XCConfigurationList section */
	};
	rootObject = A07B96871D1B6273002397EE /* Project object */;
}
